// !$*UTF8*$!
{
	archiveVersion = 1;
	classes = {
	};
	objectVersion = 55;
	objects = {

/* Begin PBXBuildFile section */
		AF0348122737B6F5007CBD2A /* AppetizersApp.swift in Sources */ = {isa = PBXBuildFile; fileRef = AF0348112737B6F5007CBD2A /* AppetizersApp.swift */; };
		AF0348142737B6F5007CBD2A /* AppetizerTabView.swift in Sources */ = {isa = PBXBuildFile; fileRef = AF0348132737B6F5007CBD2A /* AppetizerTabView.swift */; };
		AF0348162737B6FB007CBD2A /* Assets.xcassets in Resources */ = {isa = PBXBuildFile; fileRef = AF0348152737B6FB007CBD2A /* Assets.xcassets */; };
		AF0348192737B6FB007CBD2A /* Preview Assets.xcassets in Resources */ = {isa = PBXBuildFile; fileRef = AF0348182737B6FB007CBD2A /* Preview Assets.xcassets */; };
		AFA9E29D2738F7FC002F0192 /* AppetizerListView.swift in Sources */ = {isa = PBXBuildFile; fileRef = AFA9E29C2738F7FC002F0192 /* AppetizerListView.swift */; };
		AFA9E29F2738F819002F0192 /* AccountView.swift in Sources */ = {isa = PBXBuildFile; fileRef = AFA9E29E2738F819002F0192 /* AccountView.swift */; };
		AFA9E2A12738F82F002F0192 /* OrderView.swift in Sources */ = {isa = PBXBuildFile; fileRef = AFA9E2A02738F82F002F0192 /* OrderView.swift */; };
		AFA9E2A32738F975002F0192 /* Ext+Color.swift in Sources */ = {isa = PBXBuildFile; fileRef = AFA9E2A22738F975002F0192 /* Ext+Color.swift */; };
		AFA9E2A52738FC6D002F0192 /* Appetizer.swift in Sources */ = {isa = PBXBuildFile; fileRef = AFA9E2A42738FC6D002F0192 /* Appetizer.swift */; };
		AFA9E2A72738FF63002F0192 /* AppetizerListViewCell.swift in Sources */ = {isa = PBXBuildFile; fileRef = AFA9E2A62738FF63002F0192 /* AppetizerListViewCell.swift */; };
		AFA9E2A927390425002F0192 /* NetworkManager.swift in Sources */ = {isa = PBXBuildFile; fileRef = AFA9E2A827390425002F0192 /* NetworkManager.swift */; };
		AFA9E2AB27390557002F0192 /* APError.swift in Sources */ = {isa = PBXBuildFile; fileRef = AFA9E2AA27390557002F0192 /* APError.swift */; };
		AFA9E2AE27390878002F0192 /* AppetizerListViewModel.swift in Sources */ = {isa = PBXBuildFile; fileRef = AFA9E2AD27390878002F0192 /* AppetizerListViewModel.swift */; };
		AFA9E2B027390F2E002F0192 /* RemoteImage.swift in Sources */ = {isa = PBXBuildFile; fileRef = AFA9E2AF27390F2E002F0192 /* RemoteImage.swift */; };
		AFA9E2B2273911E6002F0192 /* AlertItem.swift in Sources */ = {isa = PBXBuildFile; fileRef = AFA9E2B1273911E6002F0192 /* AlertItem.swift */; };
		AFA9E2B427391372002F0192 /* LoadingView.swift in Sources */ = {isa = PBXBuildFile; fileRef = AFA9E2B327391372002F0192 /* LoadingView.swift */; };
/* End PBXBuildFile section */

/* Begin PBXFileReference section */
		AF03480E2737B6F5007CBD2A /* Appetizers.app */ = {isa = PBXFileReference; explicitFileType = wrapper.application; includeInIndex = 0; path = Appetizers.app; sourceTree = BUILT_PRODUCTS_DIR; };
		AF0348112737B6F5007CBD2A /* AppetizersApp.swift */ = {isa = PBXFileReference; lastKnownFileType = sourcecode.swift; path = AppetizersApp.swift; sourceTree = "<group>"; };
		AF0348132737B6F5007CBD2A /* AppetizerTabView.swift */ = {isa = PBXFileReference; lastKnownFileType = sourcecode.swift; path = AppetizerTabView.swift; sourceTree = "<group>"; };
		AF0348152737B6FB007CBD2A /* Assets.xcassets */ = {isa = PBXFileReference; lastKnownFileType = folder.assetcatalog; path = Assets.xcassets; sourceTree = "<group>"; };
		AF0348182737B6FB007CBD2A /* Preview Assets.xcassets */ = {isa = PBXFileReference; lastKnownFileType = folder.assetcatalog; path = "Preview Assets.xcassets"; sourceTree = "<group>"; };
		AFA9E29C2738F7FC002F0192 /* AppetizerListView.swift */ = {isa = PBXFileReference; lastKnownFileType = sourcecode.swift; path = AppetizerListView.swift; sourceTree = "<group>"; };
		AFA9E29E2738F819002F0192 /* AccountView.swift */ = {isa = PBXFileReference; lastKnownFileType = sourcecode.swift; path = AccountView.swift; sourceTree = "<group>"; };
		AFA9E2A02738F82F002F0192 /* OrderView.swift */ = {isa = PBXFileReference; lastKnownFileType = sourcecode.swift; path = OrderView.swift; sourceTree = "<group>"; };
		AFA9E2A22738F975002F0192 /* Ext+Color.swift */ = {isa = PBXFileReference; lastKnownFileType = sourcecode.swift; path = "Ext+Color.swift"; sourceTree = "<group>"; };
		AFA9E2A42738FC6D002F0192 /* Appetizer.swift */ = {isa = PBXFileReference; lastKnownFileType = sourcecode.swift; path = Appetizer.swift; sourceTree = "<group>"; };
		AFA9E2A62738FF63002F0192 /* AppetizerListViewCell.swift */ = {isa = PBXFileReference; lastKnownFileType = sourcecode.swift; path = AppetizerListViewCell.swift; sourceTree = "<group>"; };
		AFA9E2A827390425002F0192 /* NetworkManager.swift */ = {isa = PBXFileReference; lastKnownFileType = sourcecode.swift; path = NetworkManager.swift; sourceTree = "<group>"; };
		AFA9E2AA27390557002F0192 /* APError.swift */ = {isa = PBXFileReference; lastKnownFileType = sourcecode.swift; path = APError.swift; sourceTree = "<group>"; };
		AFA9E2AD27390878002F0192 /* AppetizerListViewModel.swift */ = {isa = PBXFileReference; lastKnownFileType = sourcecode.swift; path = AppetizerListViewModel.swift; sourceTree = "<group>"; };
		AFA9E2AF27390F2E002F0192 /* RemoteImage.swift */ = {isa = PBXFileReference; lastKnownFileType = sourcecode.swift; path = RemoteImage.swift; sourceTree = "<group>"; };
		AFA9E2B1273911E6002F0192 /* AlertItem.swift */ = {isa = PBXFileReference; lastKnownFileType = sourcecode.swift; path = AlertItem.swift; sourceTree = "<group>"; };
		AFA9E2B327391372002F0192 /* LoadingView.swift */ = {isa = PBXFileReference; lastKnownFileType = sourcecode.swift; path = LoadingView.swift; sourceTree = "<group>"; };
/* End PBXFileReference section */

/* Begin PBXFrameworksBuildPhase section */
		AF03480B2737B6F5007CBD2A /* Frameworks */ = {
			isa = PBXFrameworksBuildPhase;
			buildActionMask = 2147483647;
			files = (
			);
			runOnlyForDeploymentPostprocessing = 0;
		};
/* End PBXFrameworksBuildPhase section */

/* Begin PBXGroup section */
		AF0348052737B6F5007CBD2A = {
			isa = PBXGroup;
			children = (
				AF0348102737B6F5007CBD2A /* Appetizers */,
				AF03480F2737B6F5007CBD2A /* Products */,
			);
			sourceTree = "<group>";
		};
		AF03480F2737B6F5007CBD2A /* Products */ = {
			isa = PBXGroup;
			children = (
				AF03480E2737B6F5007CBD2A /* Appetizers.app */,
			);
			name = Products;
			sourceTree = "<group>";
		};
		AF0348102737B6F5007CBD2A /* Appetizers */ = {
			isa = PBXGroup;
			children = (
				AF0348112737B6F5007CBD2A /* AppetizersApp.swift */,
				AF0348132737B6F5007CBD2A /* AppetizerTabView.swift */,
				AFA9E29E2738F819002F0192 /* AccountView.swift */,
				AFA9E2A827390425002F0192 /* NetworkManager.swift */,
				AFA9E2B1273911E6002F0192 /* AlertItem.swift */,
				AFA9E2A42738FC6D002F0192 /* Appetizer.swift */,
				AFA9E2AC2739084E002F0192 /* AppetizerListView */,
				AFA9E2AA27390557002F0192 /* APError.swift */,
				AFA9E2A22738F975002F0192 /* Ext+Color.swift */,
				AFA9E2A02738F82F002F0192 /* OrderView.swift */,
				AF0348152737B6FB007CBD2A /* Assets.xcassets */,
				AF0348172737B6FB007CBD2A /* Preview Content */,
			);
			path = Appetizers;
			sourceTree = "<group>";
		};
		AF0348172737B6FB007CBD2A /* Preview Content */ = {
			isa = PBXGroup;
			children = (
				AF0348182737B6FB007CBD2A /* Preview Assets.xcassets */,
			);
			path = "Preview Content";
			sourceTree = "<group>";
		};
		AFA9E2AC2739084E002F0192 /* AppetizerListView */ = {
			isa = PBXGroup;
			children = (
				AFA9E29C2738F7FC002F0192 /* AppetizerListView.swift */,
				AFA9E2B327391372002F0192 /* LoadingView.swift */,
				AFA9E2A62738FF63002F0192 /* AppetizerListViewCell.swift */,
				AFA9E2AD27390878002F0192 /* AppetizerListViewModel.swift */,
				AFA9E2AF27390F2E002F0192 /* RemoteImage.swift */,
			);
			path = AppetizerListView;
			sourceTree = "<group>";
		};
/* End PBXGroup section */

/* Begin PBXNativeTarget section */
		AF03480D2737B6F5007CBD2A /* Appetizers */ = {
			isa = PBXNativeTarget;
			buildConfigurationList = AF03481C2737B6FB007CBD2A /* Build configuration list for PBXNativeTarget "Appetizers" */;
			buildPhases = (
				AF03480A2737B6F5007CBD2A /* Sources */,
				AF03480B2737B6F5007CBD2A /* Frameworks */,
				AF03480C2737B6F5007CBD2A /* Resources */,
			);
			buildRules = (
			);
			dependencies = (
			);
			name = Appetizers;
			productName = Appetizers;
			productReference = AF03480E2737B6F5007CBD2A /* Appetizers.app */;
			productType = "com.apple.product-type.application";
		};
/* End PBXNativeTarget section */

/* Begin PBXProject section */
		AF0348062737B6F5007CBD2A /* Project object */ = {
			isa = PBXProject;
			attributes = {
				BuildIndependentTargetsInParallel = 1;
				LastSwiftUpdateCheck = 1300;
				LastUpgradeCheck = 1300;
				TargetAttributes = {
					AF03480D2737B6F5007CBD2A = {
						CreatedOnToolsVersion = 13.0;
					};
				};
			};
			buildConfigurationList = AF0348092737B6F5007CBD2A /* Build configuration list for PBXProject "Appetizers" */;
			compatibilityVersion = "Xcode 13.0";
			developmentRegion = en;
			hasScannedForEncodings = 0;
			knownRegions = (
				en,
				Base,
			);
			mainGroup = AF0348052737B6F5007CBD2A;
			productRefGroup = AF03480F2737B6F5007CBD2A /* Products */;
			projectDirPath = "";
			projectRoot = "";
			targets = (
				AF03480D2737B6F5007CBD2A /* Appetizers */,
			);
		};
/* End PBXProject section */

/* Begin PBXResourcesBuildPhase section */
		AF03480C2737B6F5007CBD2A /* Resources */ = {
			isa = PBXResourcesBuildPhase;
			buildActionMask = 2147483647;
			files = (
				AF0348192737B6FB007CBD2A /* Preview Assets.xcassets in Resources */,
				AF0348162737B6FB007CBD2A /* Assets.xcassets in Resources */,
			);
			runOnlyForDeploymentPostprocessing = 0;
		};
/* End PBXResourcesBuildPhase section */

/* Begin PBXSourcesBuildPhase section */
		AF03480A2737B6F5007CBD2A /* Sources */ = {
			isa = PBXSourcesBuildPhase;
			buildActionMask = 2147483647;
			files = (
				AFA9E2A927390425002F0192 /* NetworkManager.swift in Sources */,
				AFA9E29F2738F819002F0192 /* AccountView.swift in Sources */,
				AFA9E2AE27390878002F0192 /* AppetizerListViewModel.swift in Sources */,
				AFA9E2B027390F2E002F0192 /* RemoteImage.swift in Sources */,
				AFA9E2A72738FF63002F0192 /* AppetizerListViewCell.swift in Sources */,
				AFA9E2B427391372002F0192 /* LoadingView.swift in Sources */,
				AF0348142737B6F5007CBD2A /* AppetizerTabView.swift in Sources */,
				AF0348122737B6F5007CBD2A /* AppetizersApp.swift in Sources */,
				AFA9E2AB27390557002F0192 /* APError.swift in Sources */,
				AFA9E2A32738F975002F0192 /* Ext+Color.swift in Sources */,
				AFA9E2A52738FC6D002F0192 /* Appetizer.swift in Sources */,
				AFA9E29D2738F7FC002F0192 /* AppetizerListView.swift in Sources */,
				AFA9E2B2273911E6002F0192 /* AlertItem.swift in Sources */,
				AFA9E2A12738F82F002F0192 /* OrderView.swift in Sources */,
			);
			runOnlyForDeploymentPostprocessing = 0;
		};
/* End PBXSourcesBuildPhase section */

/* Begin XCBuildConfiguration section */
		AF03481A2737B6FB007CBD2A /* Debug */ = {
			isa = XCBuildConfiguration;
			buildSettings = {
				ALWAYS_SEARCH_USER_PATHS = NO;
				CLANG_ANALYZER_NONNULL = YES;
				CLANG_ANALYZER_NUMBER_OBJECT_CONVERSION = YES_AGGRESSIVE;
				CLANG_CXX_LANGUAGE_STANDARD = "gnu++17";
				CLANG_CXX_LIBRARY = "libc++";
				CLANG_ENABLE_MODULES = YES;
				CLANG_ENABLE_OBJC_ARC = YES;
				CLANG_ENABLE_OBJC_WEAK = YES;
				CLANG_WARN_BLOCK_CAPTURE_AUTORELEASING = YES;
				CLANG_WARN_BOOL_CONVERSION = YES;
				CLANG_WARN_COMMA = YES;
				CLANG_WARN_CONSTANT_CONVERSION = YES;
				CLANG_WARN_DEPRECATED_OBJC_IMPLEMENTATIONS = YES;
				CLANG_WARN_DIRECT_OBJC_ISA_USAGE = YES_ERROR;
				CLANG_WARN_DOCUMENTATION_COMMENTS = YES;
				CLANG_WARN_EMPTY_BODY = YES;
				CLANG_WARN_ENUM_CONVERSION = YES;
				CLANG_WARN_INFINITE_RECURSION = YES;
				CLANG_WARN_INT_CONVERSION = YES;
				CLANG_WARN_NON_LITERAL_NULL_CONVERSION = YES;
				CLANG_WARN_OBJC_IMPLICIT_RETAIN_SELF = YES;
				CLANG_WARN_OBJC_LITERAL_CONVERSION = YES;
				CLANG_WARN_OBJC_ROOT_CLASS = YES_ERROR;
				CLANG_WARN_QUOTED_INCLUDE_IN_FRAMEWORK_HEADER = YES;
				CLANG_WARN_RANGE_LOOP_ANALYSIS = YES;
				CLANG_WARN_STRICT_PROTOTYPES = YES;
				CLANG_WARN_SUSPICIOUS_MOVE = YES;
				CLANG_WARN_UNGUARDED_AVAILABILITY = YES_AGGRESSIVE;
				CLANG_WARN_UNREACHABLE_CODE = YES;
				CLANG_WARN__DUPLICATE_METHOD_MATCH = YES;
				COPY_PHASE_STRIP = NO;
				DEBUG_INFORMATION_FORMAT = dwarf;
				ENABLE_STRICT_OBJC_MSGSEND = YES;
				ENABLE_TESTABILITY = YES;
				GCC_C_LANGUAGE_STANDARD = gnu11;
				GCC_DYNAMIC_NO_PIC = NO;
				GCC_NO_COMMON_BLOCKS = YES;
				GCC_OPTIMIZATION_LEVEL = 0;
				GCC_PREPROCESSOR_DEFINITIONS = (
					"DEBUG=1",
					"$(inherited)",
				);
				GCC_WARN_64_TO_32_BIT_CONVERSION = YES;
				GCC_WARN_ABOUT_RETURN_TYPE = YES_ERROR;
				GCC_WARN_UNDECLARED_SELECTOR = YES;
				GCC_WARN_UNINITIALIZED_AUTOS = YES_AGGRESSIVE;
				GCC_WARN_UNUSED_FUNCTION = YES;
				GCC_WARN_UNUSED_VARIABLE = YES;
				IPHONEOS_DEPLOYMENT_TARGET = 15.0;
				MTL_ENABLE_DEBUG_INFO = INCLUDE_SOURCE;
				MTL_FAST_MATH = YES;
				ONLY_ACTIVE_ARCH = YES;
				SDKROOT = iphoneos;
				SWIFT_ACTIVE_COMPILATION_CONDITIONS = DEBUG;
				SWIFT_OPTIMIZATION_LEVEL = "-Onone";
			};
			name = Debug;
		};
		AF03481B2737B6FB007CBD2A /* Release */ = {
			isa = XCBuildConfiguration;
			buildSettings = {
				ALWAYS_SEARCH_USER_PATHS = NO;
				CLANG_ANALYZER_NONNULL = YES;
				CLANG_ANALYZER_NUMBER_OBJECT_CONVERSION = YES_AGGRESSIVE;
				CLANG_CXX_LANGUAGE_STANDARD = "gnu++17";
				CLANG_CXX_LIBRARY = "libc++";
				CLANG_ENABLE_MODULES = YES;
				CLANG_ENABLE_OBJC_ARC = YES;
				CLANG_ENABLE_OBJC_WEAK = YES;
				CLANG_WARN_BLOCK_CAPTURE_AUTORELEASING = YES;
				CLANG_WARN_BOOL_CONVERSION = YES;
				CLANG_WARN_COMMA = YES;
				CLANG_WARN_CONSTANT_CONVERSION = YES;
				CLANG_WARN_DEPRECATED_OBJC_IMPLEMENTATIONS = YES;
				CLANG_WARN_DIRECT_OBJC_ISA_USAGE = YES_ERROR;
				CLANG_WARN_DOCUMENTATION_COMMENTS = YES;
				CLANG_WARN_EMPTY_BODY = YES;
				CLANG_WARN_ENUM_CONVERSION = YES;
				CLANG_WARN_INFINITE_RECURSION = YES;
				CLANG_WARN_INT_CONVERSION = YES;
				CLANG_WARN_NON_LITERAL_NULL_CONVERSION = YES;
				CLANG_WARN_OBJC_IMPLICIT_RETAIN_SELF = YES;
				CLANG_WARN_OBJC_LITERAL_CONVERSION = YES;
				CLANG_WARN_OBJC_ROOT_CLASS = YES_ERROR;
				CLANG_WARN_QUOTED_INCLUDE_IN_FRAMEWORK_HEADER = YES;
				CLANG_WARN_RANGE_LOOP_ANALYSIS = YES;
				CLANG_WARN_STRICT_PROTOTYPES = YES;
				CLANG_WARN_SUSPICIOUS_MOVE = YES;
				CLANG_WARN_UNGUARDED_AVAILABILITY = YES_AGGRESSIVE;
				CLANG_WARN_UNREACHABLE_CODE = YES;
				CLANG_WARN__DUPLICATE_METHOD_MATCH = YES;
				COPY_PHASE_STRIP = NO;
				DEBUG_INFORMATION_FORMAT = "dwarf-with-dsym";
				ENABLE_NS_ASSERTIONS = NO;
				ENABLE_STRICT_OBJC_MSGSEND = YES;
				GCC_C_LANGUAGE_STANDARD = gnu11;
				GCC_NO_COMMON_BLOCKS = YES;
				GCC_WARN_64_TO_32_BIT_CONVERSION = YES;
				GCC_WARN_ABOUT_RETURN_TYPE = YES_ERROR;
				GCC_WARN_UNDECLARED_SELECTOR = YES;
				GCC_WARN_UNINITIALIZED_AUTOS = YES_AGGRESSIVE;
				GCC_WARN_UNUSED_FUNCTION = YES;
				GCC_WARN_UNUSED_VARIABLE = YES;
				IPHONEOS_DEPLOYMENT_TARGET = 15.0;
				MTL_ENABLE_DEBUG_INFO = NO;
				MTL_FAST_MATH = YES;
				SDKROOT = iphoneos;
				SWIFT_COMPILATION_MODE = wholemodule;
				SWIFT_OPTIMIZATION_LEVEL = "-O";
				VALIDATE_PRODUCT = YES;
			};
			name = Release;
		};
		AF03481D2737B6FB007CBD2A /* Debug */ = {
			isa = XCBuildConfiguration;
			buildSettings = {
				ASSETCATALOG_COMPILER_APPICON_NAME = AppIcon;
				ASSETCATALOG_COMPILER_GLOBAL_ACCENT_COLOR_NAME = AccentColor;
				CODE_SIGN_STYLE = Automatic;
				CURRENT_PROJECT_VERSION = 1;
				DEVELOPMENT_ASSET_PATHS = "\"Appetizers/Preview Content\"";
				DEVELOPMENT_TEAM = NM9YBSUGNH;
				ENABLE_PREVIEWS = YES;
				GENERATE_INFOPLIST_FILE = YES;
				INFOPLIST_KEY_UIApplicationSceneManifest_Generation = YES;
				INFOPLIST_KEY_UIApplicationSupportsIndirectInputEvents = YES;
				INFOPLIST_KEY_UILaunchScreen_Generation = YES;
				INFOPLIST_KEY_UISupportedInterfaceOrientations_iPad = "UIInterfaceOrientationPortrait UIInterfaceOrientationPortraitUpsideDown UIInterfaceOrientationLandscapeLeft UIInterfaceOrientationLandscapeRight";
				INFOPLIST_KEY_UISupportedInterfaceOrientations_iPhone = "UIInterfaceOrientationPortrait UIInterfaceOrientationLandscapeLeft UIInterfaceOrientationLandscapeRight";
				IPHONEOS_DEPLOYMENT_TARGET = 14.0;
				LD_RUNPATH_SEARCH_PATHS = (
					"$(inherited)",
					"@executable_path/Frameworks",
				);
				MARKETING_VERSION = 1.0;
				PRODUCT_BUNDLE_IDENTIFIER = drvinh.Appetizers;
				PRODUCT_NAME = "$(TARGET_NAME)";
				SWIFT_EMIT_LOC_STRINGS = YES;
				SWIFT_VERSION = 5.0;
				TARGETED_DEVICE_FAMILY = "1,2";
			};
			name = Debug;
		};
		AF03481E2737B6FB007CBD2A /* Release */ = {
			isa = XCBuildConfiguration;
			buildSettings = {
				ASSETCATALOG_COMPILER_APPICON_NAME = AppIcon;
				ASSETCATALOG_COMPILER_GLOBAL_ACCENT_COLOR_NAME = AccentColor;
				CODE_SIGN_STYLE = Automatic;
				CURRENT_PROJECT_VERSION = 1;
				DEVELOPMENT_ASSET_PATHS = "\"Appetizers/Preview Content\"";
				DEVELOPMENT_TEAM = NM9YBSUGNH;
				ENABLE_PREVIEWS = YES;
				GENERATE_INFOPLIST_FILE = YES;
				INFOPLIST_KEY_UIApplicationSceneManifest_Generation = YES;
				INFOPLIST_KEY_UIApplicationSupportsIndirectInputEvents = YES;
				INFOPLIST_KEY_UILaunchScreen_Generation = YES;
				INFOPLIST_KEY_UISupportedInterfaceOrientations_iPad = "UIInterfaceOrientationPortrait UIInterfaceOrientationPortraitUpsideDown UIInterfaceOrientationLandscapeLeft UIInterfaceOrientationLandscapeRight";
				INFOPLIST_KEY_UISupportedInterfaceOrientations_iPhone = "UIInterfaceOrientationPortrait UIInterfaceOrientationLandscapeLeft UIInterfaceOrientationLandscapeRight";
				IPHONEOS_DEPLOYMENT_TARGET = 14.0;
				LD_RUNPATH_SEARCH_PATHS = (
					"$(inherited)",
					"@executable_path/Frameworks",
				);
				MARKETING_VERSION = 1.0;
				PRODUCT_BUNDLE_IDENTIFIER = drvinh.Appetizers;
				PRODUCT_NAME = "$(TARGET_NAME)";
				SWIFT_EMIT_LOC_STRINGS = YES;
				SWIFT_VERSION = 5.0;
				TARGETED_DEVICE_FAMILY = "1,2";
			};
			name = Release;
		};
/* End XCBuildConfiguration section */

/* Begin XCConfigurationList section */
		AF0348092737B6F5007CBD2A /* Build configuration list for PBXProject "Appetizers" */ = {
			isa = XCConfigurationList;
			buildConfigurations = (
				AF03481A2737B6FB007CBD2A /* Debug */,
				AF03481B2737B6FB007CBD2A /* Release */,
			);
			defaultConfigurationIsVisible = 0;
			defaultConfigurationName = Release;
		};
		AF03481C2737B6FB007CBD2A /* Build configuration list for PBXNativeTarget "Appetizers" */ = {
			isa = XCConfigurationList;
			buildConfigurations = (
				AF03481D2737B6FB007CBD2A /* Debug */,
				AF03481E2737B6FB007CBD2A /* Release */,
			);
			defaultConfigurationIsVisible = 0;
			defaultConfigurationName = Release;
		};
/* End XCConfigurationList section */
	};
	rootObject = AF0348062737B6F5007CBD2A /* Project object */;
}
